
Microsoft Visual Studio Solution File, Format Version 12.00
# Visual Studio Version 16
VisualStudioVersion = 16.0.29806.167
MinimumVisualStudioVersion = 10.0.40219.1
Project("{9A19103F-16F7-4668-BE54-9A1E7A4F7556}") = "Tuxber.Common", "Tuxber.Common\Tuxber.Common.csproj", "{E7BE95C0-D6B2-4278-8740-48F244C3559B}"
EndProject
Project("{9A19103F-16F7-4668-BE54-9A1E7A4F7556}") = "Tuxber.Prism", "Tuxber.Prism\Tuxber.Prism\Tuxber.Prism.csproj", "{DAE64F55-1841-4667-BC73-725EC9A0AFA7}"
EndProject
Project("{FAE04EC0-301F-11D3-BF4B-00C04F79EFBC}") = "Tuxber.Prism.Android", "Tuxber.Prism\Tuxber.Prism.Android\Tuxber.Prism.Android.csproj", "{3F1A7B46-639F-43C4-9AFA-BD25919B9BF4}"
EndProject
Project("{FAE04EC0-301F-11D3-BF4B-00C04F79EFBC}") = "Tuxber.Prism.iOS", "Tuxber.Prism\Tuxber.Prism.iOS\Tuxber.Prism.iOS.csproj", "{34D24E5E-95F9-4BE9-AE3A-EA27A4251794}"
EndProject
Project("{9A19103F-16F7-4668-BE54-9A1E7A4F7556}") = "Tuxber.Web", "Tuxber.Web\Tuxber.Web.csproj", "{71C0D4F5-6F18-41F7-BCC5-916807956B10}"
EndProject
Project("{FAE04EC0-301F-11D3-BF4B-00C04F79EFBC}") = "Tuxber.Cross.Android", "Tuxber.Cross.Android\Tuxber.Cross.Android.csproj", "{9913EF71-B032-4D47-8752-D0B19D265525}"
EndProject
Project("{FAE04EC0-301F-11D3-BF4B-00C04F79EFBC}") = "Tuxber.Cross.iOS", "Tuxber.Cross.iOS\Tuxber.Cross.iOS.csproj", "{34DF9938-6178-4375-86DE-A3CF02B5DCE5}"
EndProject
Global
	GlobalSection(SolutionConfigurationPlatforms) = preSolution
		Ad-Hoc|Any CPU = Ad-Hoc|Any CPU
		Ad-Hoc|iPhone = Ad-Hoc|iPhone
		Ad-Hoc|iPhoneSimulator = Ad-Hoc|iPhoneSimulator
		AppStore|Any CPU = AppStore|Any CPU
		AppStore|iPhone = AppStore|iPhone
		AppStore|iPhoneSimulator = AppStore|iPhoneSimulator
		Debug|Any CPU = Debug|Any CPU
		Debug|iPhone = Debug|iPhone
		Debug|iPhoneSimulator = Debug|iPhoneSimulator
		Release|Any CPU = Release|Any CPU
		Release|iPhone = Release|iPhone
		Release|iPhoneSimulator = Release|iPhoneSimulator
	EndGlobalSection
	GlobalSection(ProjectConfigurationPlatforms) = postSolution
		{E7BE95C0-D6B2-4278-8740-48F244C3559B}.Ad-Hoc|Any CPU.ActiveCfg = Debug|Any CPU
		{E7BE95C0-D6B2-4278-8740-48F244C3559B}.Ad-Hoc|Any CPU.Build.0 = Debug|Any CPU
		{E7BE95C0-D6B2-4278-8740-48F244C3559B}.Ad-Hoc|iPhone.ActiveCfg = Debug|Any CPU
		{E7BE95C0-D6B2-4278-8740-48F244C3559B}.Ad-Hoc|iPhone.Build.0 = Debug|Any CPU
		{E7BE95C0-D6B2-4278-8740-48F244C3559B}.Ad-Hoc|iPhoneSimulator.ActiveCfg = Debug|Any CPU
		{E7BE95C0-D6B2-4278-8740-48F244C3559B}.Ad-Hoc|iPhoneSimulator.Build.0 = Debug|Any CPU
		{E7BE95C0-D6B2-4278-8740-48F244C3559B}.AppStore|Any CPU.ActiveCfg = Debug|Any CPU
		{E7BE95C0-D6B2-4278-8740-48F244C3559B}.AppStore|Any CPU.Build.0 = Debug|Any CPU
		{E7BE95C0-D6B2-4278-8740-48F244C3559B}.AppStore|iPhone.ActiveCfg = Debug|Any CPU
		{E7BE95C0-D6B2-4278-8740-48F244C3559B}.AppStore|iPhone.Build.0 = Debug|Any CPU
		{E7BE95C0-D6B2-4278-8740-48F244C3559B}.AppStore|iPhoneSimulator.ActiveCfg = Debug|Any CPU
		{E7BE95C0-D6B2-4278-8740-48F244C3559B}.AppStore|iPhoneSimulator.Build.0 = Debug|Any CPU
		{E7BE95C0-D6B2-4278-8740-48F244C3559B}.Debug|Any CPU.ActiveCfg = Debug|Any CPU
		{E7BE95C0-D6B2-4278-8740-48F244C3559B}.Debug|Any CPU.Build.0 = Debug|Any CPU
		{E7BE95C0-D6B2-4278-8740-48F244C3559B}.Debug|iPhone.ActiveCfg = Debug|Any CPU
		{E7BE95C0-D6B2-4278-8740-48F244C3559B}.Debug|iPhone.Build.0 = Debug|Any CPU
		{E7BE95C0-D6B2-4278-8740-48F244C3559B}.Debug|iPhoneSimulator.ActiveCfg = Debug|Any CPU
		{E7BE95C0-D6B2-4278-8740-48F244C3559B}.Debug|iPhoneSimulator.Build.0 = Debug|Any CPU
		{E7BE95C0-D6B2-4278-8740-48F244C3559B}.Release|Any CPU.ActiveCfg = Release|Any CPU
		{E7BE95C0-D6B2-4278-8740-48F244C3559B}.Release|Any CPU.Build.0 = Release|Any CPU
		{E7BE95C0-D6B2-4278-8740-48F244C3559B}.Release|iPhone.ActiveCfg = Release|Any CPU
		{E7BE95C0-D6B2-4278-8740-48F244C3559B}.Release|iPhone.Build.0 = Release|Any CPU
		{E7BE95C0-D6B2-4278-8740-48F244C3559B}.Release|iPhoneSimulator.ActiveCfg = Release|Any CPU
		{E7BE95C0-D6B2-4278-8740-48F244C3559B}.Release|iPhoneSimulator.Build.0 = Release|Any CPU
		{DAE64F55-1841-4667-BC73-725EC9A0AFA7}.Ad-Hoc|Any CPU.ActiveCfg = Debug|Any CPU
		{DAE64F55-1841-4667-BC73-725EC9A0AFA7}.Ad-Hoc|Any CPU.Build.0 = Debug|Any CPU
		{DAE64F55-1841-4667-BC73-725EC9A0AFA7}.Ad-Hoc|iPhone.ActiveCfg = Debug|Any CPU
		{DAE64F55-1841-4667-BC73-725EC9A0AFA7}.Ad-Hoc|iPhone.Build.0 = Debug|Any CPU
		{DAE64F55-1841-4667-BC73-725EC9A0AFA7}.Ad-Hoc|iPhoneSimulator.ActiveCfg = Debug|Any CPU
		{DAE64F55-1841-4667-BC73-725EC9A0AFA7}.Ad-Hoc|iPhoneSimulator.Build.0 = Debug|Any CPU
		{DAE64F55-1841-4667-BC73-725EC9A0AFA7}.AppStore|Any CPU.ActiveCfg = Debug|Any CPU
		{DAE64F55-1841-4667-BC73-725EC9A0AFA7}.AppStore|Any CPU.Build.0 = Debug|Any CPU
		{DAE64F55-1841-4667-BC73-725EC9A0AFA7}.AppStore|iPhone.ActiveCfg = Debug|Any CPU
		{DAE64F55-1841-4667-BC73-725EC9A0AFA7}.AppStore|iPhone.Build.0 = Debug|Any CPU
		{DAE64F55-1841-4667-BC73-725EC9A0AFA7}.AppStore|iPhoneSimulator.ActiveCfg = Debug|Any CPU
		{DAE64F55-1841-4667-BC73-725EC9A0AFA7}.AppStore|iPhoneSimulator.Build.0 = Debug|Any CPU
		{DAE64F55-1841-4667-BC73-725EC9A0AFA7}.Debug|Any CPU.ActiveCfg = Debug|Any CPU
		{DAE64F55-1841-4667-BC73-725EC9A0AFA7}.Debug|Any CPU.Build.0 = Debug|Any CPU
		{DAE64F55-1841-4667-BC73-725EC9A0AFA7}.Debug|iPhone.ActiveCfg = Debug|Any CPU
		{DAE64F55-1841-4667-BC73-725EC9A0AFA7}.Debug|iPhone.Build.0 = Debug|Any CPU
		{DAE64F55-1841-4667-BC73-725EC9A0AFA7}.Debug|iPhoneSimulator.ActiveCfg = Debug|Any CPU
		{DAE64F55-1841-4667-BC73-725EC9A0AFA7}.Debug|iPhoneSimulator.Build.0 = Debug|Any CPU
		{DAE64F55-1841-4667-BC73-725EC9A0AFA7}.Release|Any CPU.ActiveCfg = Release|Any CPU
		{DAE64F55-1841-4667-BC73-725EC9A0AFA7}.Release|Any CPU.Build.0 = Release|Any CPU
		{DAE64F55-1841-4667-BC73-725EC9A0AFA7}.Release|iPhone.ActiveCfg = Release|Any CPU
		{DAE64F55-1841-4667-BC73-725EC9A0AFA7}.Release|iPhone.Build.0 = Release|Any CPU
		{DAE64F55-1841-4667-BC73-725EC9A0AFA7}.Release|iPhoneSimulator.ActiveCfg = Release|Any CPU
		{DAE64F55-1841-4667-BC73-725EC9A0AFA7}.Release|iPhoneSimulator.Build.0 = Release|Any CPU
		{3F1A7B46-639F-43C4-9AFA-BD25919B9BF4}.Ad-Hoc|Any CPU.ActiveCfg = Release|Any CPU
		{3F1A7B46-639F-43C4-9AFA-BD25919B9BF4}.Ad-Hoc|Any CPU.Build.0 = Release|Any CPU
		{3F1A7B46-639F-43C4-9AFA-BD25919B9BF4}.Ad-Hoc|Any CPU.Deploy.0 = Release|Any CPU
		{3F1A7B46-639F-43C4-9AFA-BD25919B9BF4}.Ad-Hoc|iPhone.ActiveCfg = Release|Any CPU
		{3F1A7B46-639F-43C4-9AFA-BD25919B9BF4}.Ad-Hoc|iPhone.Build.0 = Release|Any CPU
		{3F1A7B46-639F-43C4-9AFA-BD25919B9BF4}.Ad-Hoc|iPhone.Deploy.0 = Release|Any CPU
		{3F1A7B46-639F-43C4-9AFA-BD25919B9BF4}.Ad-Hoc|iPhoneSimulator.ActiveCfg = Release|Any CPU
		{3F1A7B46-639F-43C4-9AFA-BD25919B9BF4}.Ad-Hoc|iPhoneSimulator.Build.0 = Release|Any CPU
		{3F1A7B46-639F-43C4-9AFA-BD25919B9BF4}.Ad-Hoc|iPhoneSimulator.Deploy.0 = Release|Any CPU
		{3F1A7B46-639F-43C4-9AFA-BD25919B9BF4}.AppStore|Any CPU.ActiveCfg = Release|Any CPU
		{3F1A7B46-639F-43C4-9AFA-BD25919B9BF4}.AppStore|Any CPU.Build.0 = Release|Any CPU
		{3F1A7B46-639F-43C4-9AFA-BD25919B9BF4}.AppStore|Any CPU.Deploy.0 = Release|Any CPU
		{3F1A7B46-639F-43C4-9AFA-BD25919B9BF4}.AppStore|iPhone.ActiveCfg = Release|Any CPU
		{3F1A7B46-639F-43C4-9AFA-BD25919B9BF4}.AppStore|iPhone.Build.0 = Release|Any CPU
		{3F1A7B46-639F-43C4-9AFA-BD25919B9BF4}.AppStore|iPhone.Deploy.0 = Release|Any CPU
		{3F1A7B46-639F-43C4-9AFA-BD25919B9BF4}.AppStore|iPhoneSimulator.ActiveCfg = Release|Any CPU
		{3F1A7B46-639F-43C4-9AFA-BD25919B9BF4}.AppStore|iPhoneSimulator.Build.0 = Release|Any CPU
		{3F1A7B46-639F-43C4-9AFA-BD25919B9BF4}.AppStore|iPhoneSimulator.Deploy.0 = Release|Any CPU
		{3F1A7B46-639F-43C4-9AFA-BD25919B9BF4}.Debug|Any CPU.ActiveCfg = Debug|Any CPU
		{3F1A7B46-639F-43C4-9AFA-BD25919B9BF4}.Debug|Any CPU.Build.0 = Debug|Any CPU
		{3F1A7B46-639F-43C4-9AFA-BD25919B9BF4}.Debug|Any CPU.Deploy.0 = Debug|Any CPU
		{3F1A7B46-639F-43C4-9AFA-BD25919B9BF4}.Debug|iPhone.ActiveCfg = Debug|Any CPU
		{3F1A7B46-639F-43C4-9AFA-BD25919B9BF4}.Debug|iPhone.Build.0 = Debug|Any CPU
		{3F1A7B46-639F-43C4-9AFA-BD25919B9BF4}.Debug|iPhone.Deploy.0 = Debug|Any CPU
		{3F1A7B46-639F-43C4-9AFA-BD25919B9BF4}.Debug|iPhoneSimulator.ActiveCfg = Debug|Any CPU
		{3F1A7B46-639F-43C4-9AFA-BD25919B9BF4}.Debug|iPhoneSimulator.Build.0 = Debug|Any CPU
		{3F1A7B46-639F-43C4-9AFA-BD25919B9BF4}.Debug|iPhoneSimulator.Deploy.0 = Debug|Any CPU
		{3F1A7B46-639F-43C4-9AFA-BD25919B9BF4}.Release|Any CPU.ActiveCfg = Release|Any CPU
		{3F1A7B46-639F-43C4-9AFA-BD25919B9BF4}.Release|Any CPU.Build.0 = Release|Any CPU
		{3F1A7B46-639F-43C4-9AFA-BD25919B9BF4}.Release|Any CPU.Deploy.0 = Release|Any CPU
		{3F1A7B46-639F-43C4-9AFA-BD25919B9BF4}.Release|iPhone.ActiveCfg = Release|Any CPU
		{3F1A7B46-639F-43C4-9AFA-BD25919B9BF4}.Release|iPhone.Build.0 = Release|Any CPU
		{3F1A7B46-639F-43C4-9AFA-BD25919B9BF4}.Release|iPhone.Deploy.0 = Release|Any CPU
		{3F1A7B46-639F-43C4-9AFA-BD25919B9BF4}.Release|iPhoneSimulator.ActiveCfg = Release|Any CPU
		{3F1A7B46-639F-43C4-9AFA-BD25919B9BF4}.Release|iPhoneSimulator.Build.0 = Release|Any CPU
		{3F1A7B46-639F-43C4-9AFA-BD25919B9BF4}.Release|iPhoneSimulator.Deploy.0 = Release|Any CPU
		{34D24E5E-95F9-4BE9-AE3A-EA27A4251794}.Ad-Hoc|Any CPU.ActiveCfg = Ad-Hoc|iPhone
		{34D24E5E-95F9-4BE9-AE3A-EA27A4251794}.Ad-Hoc|iPhone.ActiveCfg = Ad-Hoc|iPhone
		{34D24E5E-95F9-4BE9-AE3A-EA27A4251794}.Ad-Hoc|iPhone.Build.0 = Ad-Hoc|iPhone
		{34D24E5E-95F9-4BE9-AE3A-EA27A4251794}.Ad-Hoc|iPhoneSimulator.ActiveCfg = Ad-Hoc|iPhoneSimulator
		{34D24E5E-95F9-4BE9-AE3A-EA27A4251794}.Ad-Hoc|iPhoneSimulator.Build.0 = Ad-Hoc|iPhoneSimulator
		{34D24E5E-95F9-4BE9-AE3A-EA27A4251794}.AppStore|Any CPU.ActiveCfg = AppStore|iPhone
		{34D24E5E-95F9-4BE9-AE3A-EA27A4251794}.AppStore|iPhone.ActiveCfg = AppStore|iPhone
		{34D24E5E-95F9-4BE9-AE3A-EA27A4251794}.AppStore|iPhone.Build.0 = AppStore|iPhone
		{34D24E5E-95F9-4BE9-AE3A-EA27A4251794}.AppStore|iPhoneSimulator.ActiveCfg = AppStore|iPhoneSimulator
		{34D24E5E-95F9-4BE9-AE3A-EA27A4251794}.AppStore|iPhoneSimulator.Build.0 = AppStore|iPhoneSimulator
		{34D24E5E-95F9-4BE9-AE3A-EA27A4251794}.Debug|Any CPU.ActiveCfg = Debug|iPhone
		{34D24E5E-95F9-4BE9-AE3A-EA27A4251794}.Debug|iPhone.ActiveCfg = Debug|iPhone
		{34D24E5E-95F9-4BE9-AE3A-EA27A4251794}.Debug|iPhone.Build.0 = Debug|iPhone
		{34D24E5E-95F9-4BE9-AE3A-EA27A4251794}.Debug|iPhoneSimulator.ActiveCfg = Debug|iPhoneSimulator
		{34D24E5E-95F9-4BE9-AE3A-EA27A4251794}.Debug|iPhoneSimulator.Build.0 = Debug|iPhoneSimulator
		{34D24E5E-95F9-4BE9-AE3A-EA27A4251794}.Release|Any CPU.ActiveCfg = Release|iPhone
		{34D24E5E-95F9-4BE9-AE3A-EA27A4251794}.Release|iPhone.ActiveCfg = Release|iPhone
		{34D24E5E-95F9-4BE9-AE3A-EA27A4251794}.Release|iPhone.Build.0 = Release|iPhone
		{34D24E5E-95F9-4BE9-AE3A-EA27A4251794}.Release|iPhoneSimulator.ActiveCfg = Release|iPhoneSimulator
		{34D24E5E-95F9-4BE9-AE3A-EA27A4251794}.Release|iPhoneSimulator.Build.0 = Release|iPhoneSimulator
		{71C0D4F5-6F18-41F7-BCC5-916807956B10}.Ad-Hoc|Any CPU.ActiveCfg = Debug|Any CPU
		{71C0D4F5-6F18-41F7-BCC5-916807956B10}.Ad-Hoc|Any CPU.Build.0 = Debug|Any CPU
		{71C0D4F5-6F18-41F7-BCC5-916807956B10}.Ad-Hoc|iPhone.ActiveCfg = Debug|Any CPU
		{71C0D4F5-6F18-41F7-BCC5-916807956B10}.Ad-Hoc|iPhone.Build.0 = Debug|Any CPU
		{71C0D4F5-6F18-41F7-BCC5-916807956B10}.Ad-Hoc|iPhoneSimulator.ActiveCfg = Debug|Any CPU
		{71C0D4F5-6F18-41F7-BCC5-916807956B10}.Ad-Hoc|iPhoneSimulator.Build.0 = Debug|Any CPU
		{71C0D4F5-6F18-41F7-BCC5-916807956B10}.AppStore|Any CPU.ActiveCfg = Debug|Any CPU
		{71C0D4F5-6F18-41F7-BCC5-916807956B10}.AppStore|Any CPU.Build.0 = Debug|Any CPU
		{71C0D4F5-6F18-41F7-BCC5-916807956B10}.AppStore|iPhone.ActiveCfg = Debug|Any CPU
		{71C0D4F5-6F18-41F7-BCC5-916807956B10}.AppStore|iPhone.Build.0 = Debug|Any CPU
		{71C0D4F5-6F18-41F7-BCC5-916807956B10}.AppStore|iPhoneSimulator.ActiveCfg = Debug|Any CPU
		{71C0D4F5-6F18-41F7-BCC5-916807956B10}.AppStore|iPhoneSimulator.Build.0 = Debug|Any CPU
		{71C0D4F5-6F18-41F7-BCC5-916807956B10}.Debug|Any CPU.ActiveCfg = Debug|Any CPU
		{71C0D4F5-6F18-41F7-BCC5-916807956B10}.Debug|Any CPU.Build.0 = Debug|Any CPU
		{71C0D4F5-6F18-41F7-BCC5-916807956B10}.Debug|iPhone.ActiveCfg = Debug|Any CPU
		{71C0D4F5-6F18-41F7-BCC5-916807956B10}.Debug|iPhone.Build.0 = Debug|Any CPU
		{71C0D4F5-6F18-41F7-BCC5-916807956B10}.Debug|iPhoneSimulator.ActiveCfg = Debug|Any CPU
		{71C0D4F5-6F18-41F7-BCC5-916807956B10}.Debug|iPhoneSimulator.Build.0 = Debug|Any CPU
		{71C0D4F5-6F18-41F7-BCC5-916807956B10}.Release|Any CPU.ActiveCfg = Release|Any CPU
		{71C0D4F5-6F18-41F7-BCC5-916807956B10}.Release|Any CPU.Build.0 = Release|Any CPU
		{71C0D4F5-6F18-41F7-BCC5-916807956B10}.Release|iPhone.ActiveCfg = Release|Any CPU
		{71C0D4F5-6F18-41F7-BCC5-916807956B10}.Release|iPhone.Build.0 = Release|Any CPU
		{71C0D4F5-6F18-41F7-BCC5-916807956B10}.Release|iPhoneSimulator.ActiveCfg = Release|Any CPU
		{71C0D4F5-6F18-41F7-BCC5-916807956B10}.Release|iPhoneSimulator.Build.0 = Release|Any CPU
		{9913EF71-B032-4D47-8752-D0B19D265525}.Ad-Hoc|Any CPU.ActiveCfg = Release|Any CPU
		{9913EF71-B032-4D47-8752-D0B19D265525}.Ad-Hoc|Any CPU.Build.0 = Release|Any CPU
		{9913EF71-B032-4D47-8752-D0B19D265525}.Ad-Hoc|Any CPU.Deploy.0 = Release|Any CPU
		{9913EF71-B032-4D47-8752-D0B19D265525}.Ad-Hoc|iPhone.ActiveCfg = Release|Any CPU
		{9913EF71-B032-4D47-8752-D0B19D265525}.Ad-Hoc|iPhone.Build.0 = Release|Any CPU
		{9913EF71-B032-4D47-8752-D0B19D265525}.Ad-Hoc|iPhone.Deploy.0 = Release|Any CPU
		{9913EF71-B032-4D47-8752-D0B19D265525}.Ad-Hoc|iPhoneSimulator.ActiveCfg = Release|Any CPU
		{9913EF71-B032-4D47-8752-D0B19D265525}.Ad-Hoc|iPhoneSimulator.Build.0 = Release|Any CPU
		{9913EF71-B032-4D47-8752-D0B19D265525}.Ad-Hoc|iPhoneSimulator.Deploy.0 = Release|Any CPU
		{9913EF71-B032-4D47-8752-D0B19D265525}.AppStore|Any CPU.ActiveCfg = Release|Any CPU
		{9913EF71-B032-4D47-8752-D0B19D265525}.AppStore|Any CPU.Build.0 = Release|Any CPU
		{9913EF71-B032-4D47-8752-D0B19D265525}.AppStore|Any CPU.Deploy.0 = Release|Any CPU
		{9913EF71-B032-4D47-8752-D0B19D265525}.AppStore|iPhone.ActiveCfg = Release|Any CPU
		{9913EF71-B032-4D47-8752-D0B19D265525}.AppStore|iPhone.Build.0 = Release|Any CPU
		{9913EF71-B032-4D47-8752-D0B19D265525}.AppStore|iPhone.Deploy.0 = Release|Any CPU
		{9913EF71-B032-4D47-8752-D0B19D265525}.AppStore|iPhoneSimulator.ActiveCfg = Release|Any CPU
		{9913EF71-B032-4D47-8752-D0B19D265525}.AppStore|iPhoneSimulator.Build.0 = Release|Any CPU
		{9913EF71-B032-4D47-8752-D0B19D265525}.AppStore|iPhoneSimulator.Deploy.0 = Release|Any CPU
		{9913EF71-B032-4D47-8752-D0B19D265525}.Debug|Any CPU.ActiveCfg = Debug|Any CPU
		{9913EF71-B032-4D47-8752-D0B19D265525}.Debug|Any CPU.Build.0 = Debug|Any CPU
		{9913EF71-B032-4D47-8752-D0B19D265525}.Debug|Any CPU.Deploy.0 = Debug|Any CPU
		{9913EF71-B032-4D47-8752-D0B19D265525}.Debug|iPhone.ActiveCfg = Debug|Any CPU
		{9913EF71-B032-4D47-8752-D0B19D265525}.Debug|iPhone.Build.0 = Debug|Any CPU
		{9913EF71-B032-4D47-8752-D0B19D265525}.Debug|iPhone.Deploy.0 = Debug|Any CPU
		{9913EF71-B032-4D47-8752-D0B19D265525}.Debug|iPhoneSimulator.ActiveCfg = Debug|Any CPU
		{9913EF71-B032-4D47-8752-D0B19D265525}.Debug|iPhoneSimulator.Build.0 = Debug|Any CPU
		{9913EF71-B032-4D47-8752-D0B19D265525}.Debug|iPhoneSimulator.Deploy.0 = Debug|Any CPU
		{9913EF71-B032-4D47-8752-D0B19D265525}.Release|Any CPU.ActiveCfg = Release|Any CPU
		{9913EF71-B032-4D47-8752-D0B19D265525}.Release|Any CPU.Build.0 = Release|Any CPU
		{9913EF71-B032-4D47-8752-D0B19D265525}.Release|Any CPU.Deploy.0 = Release|Any CPU
		{9913EF71-B032-4D47-8752-D0B19D265525}.Release|iPhone.ActiveCfg = Release|Any CPU
		{9913EF71-B032-4D47-8752-D0B19D265525}.Release|iPhone.Build.0 = Release|Any CPU
		{9913EF71-B032-4D47-8752-D0B19D265525}.Release|iPhone.Deploy.0 = Release|Any CPU
		{9913EF71-B032-4D47-8752-D0B19D265525}.Release|iPhoneSimulator.ActiveCfg = Release|Any CPU
		{9913EF71-B032-4D47-8752-D0B19D265525}.Release|iPhoneSimulator.Build.0 = Release|Any CPU
		{9913EF71-B032-4D47-8752-D0B19D265525}.Release|iPhoneSimulator.Deploy.0 = Release|Any CPU
		{34DF9938-6178-4375-86DE-A3CF02B5DCE5}.Ad-Hoc|Any CPU.ActiveCfg = Release|iPhone
		{34DF9938-6178-4375-86DE-A3CF02B5DCE5}.Ad-Hoc|Any CPU.Build.0 = Release|iPhone
		{34DF9938-6178-4375-86DE-A3CF02B5DCE5}.Ad-Hoc|iPhone.ActiveCfg = Release|iPhone
		{34DF9938-6178-4375-86DE-A3CF02B5DCE5}.Ad-Hoc|iPhone.Build.0 = Release|iPhone
		{34DF9938-6178-4375-86DE-A3CF02B5DCE5}.Ad-Hoc|iPhoneSimulator.ActiveCfg = Release|iPhoneSimulator
		{34DF9938-6178-4375-86DE-A3CF02B5DCE5}.Ad-Hoc|iPhoneSimulator.Build.0 = Release|iPhoneSimulator
		{34DF9938-6178-4375-86DE-A3CF02B5DCE5}.AppStore|Any CPU.ActiveCfg = Release|iPhone
		{34DF9938-6178-4375-86DE-A3CF02B5DCE5}.AppStore|Any CPU.Build.0 = Release|iPhone
		{34DF9938-6178-4375-86DE-A3CF02B5DCE5}.AppStore|iPhone.ActiveCfg = Release|iPhone
		{34DF9938-6178-4375-86DE-A3CF02B5DCE5}.AppStore|iPhone.Build.0 = Release|iPhone
		{34DF9938-6178-4375-86DE-A3CF02B5DCE5}.AppStore|iPhoneSimulator.ActiveCfg = Release|iPhoneSimulator
		{34DF9938-6178-4375-86DE-A3CF02B5DCE5}.AppStore|iPhoneSimulator.Build.0 = Release|iPhoneSimulator
		{34DF9938-6178-4375-86DE-A3CF02B5DCE5}.Debug|Any CPU.ActiveCfg = Debug|iPhone
		{34DF9938-6178-4375-86DE-A3CF02B5DCE5}.Debug|iPhone.ActiveCfg = Debug|iPhone
		{34DF9938-6178-4375-86DE-A3CF02B5DCE5}.Debug|iPhone.Build.0 = Debug|iPhone
		{34DF9938-6178-4375-86DE-A3CF02B5DCE5}.Debug|iPhoneSimulator.ActiveCfg = Debug|iPhoneSimulator
		{34DF9938-6178-4375-86DE-A3CF02B5DCE5}.Debug|iPhoneSimulator.Build.0 = Debug|iPhoneSimulator
		{34DF9938-6178-4375-86DE-A3CF02B5DCE5}.Release|Any CPU.ActiveCfg = Release|iPhone
		{34DF9938-6178-4375-86DE-A3CF02B5DCE5}.Release|iPhone.ActiveCfg = Release|iPhone
		{34DF9938-6178-4375-86DE-A3CF02B5DCE5}.Release|iPhone.Build.0 = Release|iPhone
		{34DF9938-6178-4375-86DE-A3CF02B5DCE5}.Release|iPhoneSimulator.ActiveCfg = Release|iPhoneSimulator
		{34DF9938-6178-4375-86DE-A3CF02B5DCE5}.Release|iPhoneSimulator.Build.0 = Release|iPhoneSimulator
	EndGlobalSection
	GlobalSection(SolutionProperties) = preSolution
		HideSolutionNode = FALSE
	EndGlobalSection
	GlobalSection(ExtensibilityGlobals) = postSolution
		SolutionGuid = {E11FE6C0-8939-40BA-9025-FB36592B1673}
	EndGlobalSection
EndGlobal
